{
  "pins" : [
    {
      "identity" : "graffity-arcloud-ios",
      "kind" : "remoteSourceControl",
      "location" : "https://github.com/Graffity-Technologies/graffity-arcloud-ios.git",
      "state" : {
        "revision" : "4f5c6334719117c3c026a68c1f260bb4115bb03e",
        "version" : "3.1.1"
      }
    }
  ],
  "version" : 2
}
