{
  "pins" : [
    {
      "identity" : "graffity-arcloud-ios",
      "kind" : "remoteSourceControl",
      "location" : "https://github.com/Graffity-Technologies/graffity-arcloud-ios.git",
      "state" : {
        "revision" : "4ca071f8511768fe1056fbaba6f12627d6072e06",
        "version" : "1.1.0"
      }
    }
  ],
  "version" : 2
}
