{
  "pins" : [
    {
      "identity" : "graffity-arcloud-ios",
      "kind" : "remoteSourceControl",
      "location" : "https://github.com/Graffity-Technologies/graffity-arcloud-ios.git",
      "state" : {
        "revision" : "7ee83225597b7d6cd895bb379d479c1a9513ac36",
        "version" : "3.2.5"
      }
    }
  ],
  "version" : 2
}
