{
  "originHash" : "95e859ec7a4fa2da19499becf4f317d5767c2369d8c4efd9e66713822e420e54",
  "pins" : [
    {
      "identity" : "graffity-arcloud-ios",
      "kind" : "remoteSourceControl",
      "location" : "https://github.com/Graffity-Technologies/graffity-arcloud-ios.git",
      "state" : {
        "revision" : "af72aa2dfc7b974c4959f817eaea3b5a4e96c45c",
        "version" : "3.5.7"
      }
    }
  ],
  "version" : 3
}
