{
  "pins" : [
    {
      "identity" : "graffity-arcloud-ios",
      "kind" : "remoteSourceControl",
      "location" : "https://github.com/Graffity-Technologies/graffity-arcloud-ios.git",
      "state" : {
        "revision" : "6b59e9a09e8001234600dae5e2c02023af808e11",
        "version" : "1.0.7"
      }
    }
  ],
  "version" : 2
}
