{
  "originHash" : "95e859ec7a4fa2da19499becf4f317d5767c2369d8c4efd9e66713822e420e54",
  "pins" : [
    {
      "identity" : "graffity-arcloud-ios",
      "kind" : "remoteSourceControl",
      "location" : "https://github.com/Graffity-Technologies/graffity-arcloud-ios.git",
      "state" : {
        "revision" : "65424e175064858e8cac0d8890fa98afff0dbc2a",
        "version" : "3.5.6"
      }
    }
  ],
  "version" : 3
}
