{
  "originHash" : "95e859ec7a4fa2da19499becf4f317d5767c2369d8c4efd9e66713822e420e54",
  "pins" : [
    {
      "identity" : "graffity-arcloud-ios",
      "kind" : "remoteSourceControl",
      "location" : "https://github.com/Graffity-Technologies/graffity-arcloud-ios.git",
      "state" : {
        "revision" : "d8a6f87648170dd9c658beb638bb309be2405f72",
        "version" : "3.5.2"
      }
    }
  ],
  "version" : 3
}
